
Microsoft Visual Studio Solution File, Format Version 12.00
# Visual Studio Version 17
VisualStudioVersion = 17.5.33414.496
MinimumVisualStudioVersion = 10.0.40219.1
Project("{FAE04EC0-301F-11D3-BF4B-00C04F79EFBC}") = "Practica", "Practica\Practica.csproj", "{946FA696-E29C-48DF-A708-6132534CAEBD}"
EndProject
Global
	GlobalSection(SolutionConfigurationPlatforms) = preSolution
		Debug|Any CPU = Debug|Any CPU
		Release|Any CPU = Release|Any CPU
	EndGlobalSection
	GlobalSection(ProjectConfigurationPlatforms) = postSolution
		{946FA696-E29C-48DF-A708-6132534CAEBD}.Debug|Any CPU.ActiveCfg = Debug|Any CPU
		{946FA696-E29C-48DF-A708-6132534CAEBD}.Debug|Any CPU.Build.0 = Debug|Any CPU
		{946FA696-E29C-48DF-A708-6132534CAEBD}.Release|Any CPU.ActiveCfg = Release|Any CPU
		{946FA696-E29C-48DF-A708-6132534CAEBD}.Release|Any CPU.Build.0 = Release|Any CPU
	EndGlobalSection
	GlobalSection(SolutionProperties) = preSolution
		HideSolutionNode = FALSE
	EndGlobalSection
	GlobalSection(ExtensibilityGlobals) = postSolution
		SolutionGuid = {9395CBC4-4968-4148-B81A-5EEBE6F56444}
	EndGlobalSection
EndGlobal
